
Microsoft Visual Studio Solution File, Format Version 12.00
# Visual Studio Version 17
VisualStudioVersion = 17.7.34031.279
MinimumVisualStudioVersion = 10.0.40219.1
Project("{FAE04EC0-301F-11D3-BF4B-00C04F79EFBC}") = "S1.8", "S1.8.csproj", "{DD420526-EE14-40D7-9630-FCA33F5C9D0A}"
EndProject
Global
	GlobalSection(SolutionConfigurationPlatforms) = preSolution
		Debug|Any CPU = Debug|Any CPU
		Release|Any CPU = Release|Any CPU
	EndGlobalSection
	GlobalSection(ProjectConfigurationPlatforms) = postSolution
		{DD420526-EE14-40D7-9630-FCA33F5C9D0A}.Debug|Any CPU.ActiveCfg = Debug|Any CPU
		{DD420526-EE14-40D7-9630-FCA33F5C9D0A}.Debug|Any CPU.Build.0 = Debug|Any CPU
		{DD420526-EE14-40D7-9630-FCA33F5C9D0A}.Release|Any CPU.ActiveCfg = Release|Any CPU
		{DD420526-EE14-40D7-9630-FCA33F5C9D0A}.Release|Any CPU.Build.0 = Release|Any CPU
	EndGlobalSection
	GlobalSection(SolutionProperties) = preSolution
		HideSolutionNode = FALSE
	EndGlobalSection
	GlobalSection(ExtensibilityGlobals) = postSolution
		SolutionGuid = {B1EDE902-5A7F-48DD-AA12-BF1179D06979}
	EndGlobalSection
EndGlobal
