
Microsoft Visual Studio Solution File, Format Version 12.00
# Visual Studio Version 17
VisualStudioVersion = 17.7.34031.279
MinimumVisualStudioVersion = 10.0.40219.1
Project("{FAE04EC0-301F-11D3-BF4B-00C04F79EFBC}") = "S1.13", "S1.13.csproj", "{4DC9F397-A2B9-422F-9684-9E420ED949D6}"
EndProject
Global
	GlobalSection(SolutionConfigurationPlatforms) = preSolution
		Debug|Any CPU = Debug|Any CPU
		Release|Any CPU = Release|Any CPU
	EndGlobalSection
	GlobalSection(ProjectConfigurationPlatforms) = postSolution
		{4DC9F397-A2B9-422F-9684-9E420ED949D6}.Debug|Any CPU.ActiveCfg = Debug|Any CPU
		{4DC9F397-A2B9-422F-9684-9E420ED949D6}.Debug|Any CPU.Build.0 = Debug|Any CPU
		{4DC9F397-A2B9-422F-9684-9E420ED949D6}.Release|Any CPU.ActiveCfg = Release|Any CPU
		{4DC9F397-A2B9-422F-9684-9E420ED949D6}.Release|Any CPU.Build.0 = Release|Any CPU
	EndGlobalSection
	GlobalSection(SolutionProperties) = preSolution
		HideSolutionNode = FALSE
	EndGlobalSection
	GlobalSection(ExtensibilityGlobals) = postSolution
		SolutionGuid = {3A209685-F1B8-4A4B-9B5D-582147EB0430}
	EndGlobalSection
EndGlobal
