
Microsoft Visual Studio Solution File, Format Version 12.00
# Visual Studio Version 17
VisualStudioVersion = 17.7.34031.279
MinimumVisualStudioVersion = 10.0.40219.1
Project("{FAE04EC0-301F-11D3-BF4B-00C04F79EFBC}") = "S1.5", "S1.5.csproj", "{B73648AC-3611-48C0-A98F-A508B218BC2D}"
EndProject
Global
	GlobalSection(SolutionConfigurationPlatforms) = preSolution
		Debug|Any CPU = Debug|Any CPU
		Release|Any CPU = Release|Any CPU
	EndGlobalSection
	GlobalSection(ProjectConfigurationPlatforms) = postSolution
		{B73648AC-3611-48C0-A98F-A508B218BC2D}.Debug|Any CPU.ActiveCfg = Debug|Any CPU
		{B73648AC-3611-48C0-A98F-A508B218BC2D}.Debug|Any CPU.Build.0 = Debug|Any CPU
		{B73648AC-3611-48C0-A98F-A508B218BC2D}.Release|Any CPU.ActiveCfg = Release|Any CPU
		{B73648AC-3611-48C0-A98F-A508B218BC2D}.Release|Any CPU.Build.0 = Release|Any CPU
	EndGlobalSection
	GlobalSection(SolutionProperties) = preSolution
		HideSolutionNode = FALSE
	EndGlobalSection
	GlobalSection(ExtensibilityGlobals) = postSolution
		SolutionGuid = {B5A240D0-6FC0-45F4-9A08-3CD1AA6871B2}
	EndGlobalSection
EndGlobal
